{
  "lockfileVersion": 1,
  "workspaces": {
    "": {
      "dependencies": {
        "@remotion/player": "^4.0.288",
        "react-device-detect": "^2.2.3",
      },
    },
  },
  "packages": {
    "@remotion/player": ["@remotion/player@4.0.288", "", { "dependencies": { "remotion": "4.0.288" }, "peerDependencies": { "react": ">=16.8.0", "react-dom": ">=16.8.0" } }, "sha512-IPRkVeGHU4Ud7GI/XDp/4mZ0i5/yk4u+tKDx7hX6Z1Mein0K5bJYDk3pqjMfoxvp5g9cshGeUWUgGm1OtlpJiQ=="],

    "react": ["react@19.1.0", "", {}, "sha512-FS+XFBNvn3GTAWq26joslQgWNoFu08F4kl0J4CgdNKADkdSGXQyTCnKteIAJy96Br6YbpEU1LSzV5dYtjMkMDg=="],

    "react-device-detect": ["react-device-detect@2.2.3", "", { "dependencies": { "ua-parser-js": "^1.0.33" }, "peerDependencies": { "react": ">= 0.14.0", "react-dom": ">= 0.14.0" } }, "sha512-buYY3qrCnQVlIFHrC5UcUoAj7iANs/+srdkwsnNjI7anr3Tt7UY6MqNxtMLlr0tMBied0O49UZVK8XKs3ZIiPw=="],

    "react-dom": ["react-dom@19.1.0", "", { "dependencies": { "scheduler": "^0.26.0" }, "peerDependencies": { "react": "^19.1.0" } }, "sha512-Xs1hdnE+DyKgeHJeJznQmYMIBG3TKIHJJT95Q58nHLSrElKlGQqDTR2HQ9fx5CN/Gk6Vh/kupBTDLU11/nDk/g=="],

    "remotion": ["remotion@4.0.288", "", { "peerDependencies": { "react": ">=16.8.0", "react-dom": ">=16.8.0" } }, "sha512-jjWInTaWocONQ99sIAKdTwYbKU2K9Pe8QFYNcLqcB3I/r4y4/y96Xoa3MNYoqEO+F9tUkMqlF8FjY2OvVcc5AQ=="],

    "scheduler": ["scheduler@0.26.0", "", {}, "sha512-NlHwttCI/l5gCPR3D1nNXtWABUmBwvZpEQiD4IXSbIDq8BzLIK/7Ir5gTFSGZDUu37K5cMNp0hFtzO38sC7gWA=="],

    "ua-parser-js": ["ua-parser-js@1.0.40", "", { "bin": { "ua-parser-js": "script/cli.js" } }, "sha512-z6PJ8Lml+v3ichVojCiB8toQJBuwR42ySM4ezjXIqXK3M0HczmKQ3LF4rhU55PfD99KEEXQG6yb7iOMyvYuHew=="],
  }
}
